
Microsoft Visual Studio Solution File, Format Version 12.00
# Visual Studio Version 16
VisualStudioVersion = 16.0.31911.196
MinimumVisualStudioVersion = 10.0.40219.1
Project("{FAE04EC0-301F-11D3-BF4B-00C04F79EFBC}") = "OrtalamaHesapla", "OrtalamaHesapla.csproj", "{5DC428F3-DA26-4030-B079-4738D38FD6D4}"
EndProject
Global
	GlobalSection(SolutionConfigurationPlatforms) = preSolution
		Debug|Any CPU = Debug|Any CPU
		Release|Any CPU = Release|Any CPU
	EndGlobalSection
	GlobalSection(ProjectConfigurationPlatforms) = postSolution
		{5DC428F3-DA26-4030-B079-4738D38FD6D4}.Debug|Any CPU.ActiveCfg = Debug|Any CPU
		{5DC428F3-DA26-4030-B079-4738D38FD6D4}.Debug|Any CPU.Build.0 = Debug|Any CPU
		{5DC428F3-DA26-4030-B079-4738D38FD6D4}.Release|Any CPU.ActiveCfg = Release|Any CPU
		{5DC428F3-DA26-4030-B079-4738D38FD6D4}.Release|Any CPU.Build.0 = Release|Any CPU
	EndGlobalSection
	GlobalSection(SolutionProperties) = preSolution
		HideSolutionNode = FALSE
	EndGlobalSection
	GlobalSection(ExtensibilityGlobals) = postSolution
		SolutionGuid = {BAC9971D-3557-4313-B31C-9E4346F91386}
	EndGlobalSection
EndGlobal
